// !$*UTF8*$!
{
	archiveVersion = 1;
	classes = {
	};
	objectVersion = 46;
	objects = {

/* Begin PBXBuildFile section */
		8F02F8831D3E852D00E3EE4A /* AppDelegate.swift in Sources */ = {isa = PBXBuildFile; fileRef = 8F02F8821D3E852D00E3EE4A /* AppDelegate.swift */; };
		8F02F8881D3E852D00E3EE4A /* Main.storyboard in Resources */ = {isa = PBXBuildFile; fileRef = 8F02F8861D3E852D00E3EE4A /* Main.storyboard */; };
		8F02F88A1D3E852D00E3EE4A /* Assets.xcassets in Resources */ = {isa = PBXBuildFile; fileRef = 8F02F8891D3E852D00E3EE4A /* Assets.xcassets */; };
		8F02F88D1D3E852D00E3EE4A /* LaunchScreen.storyboard in Resources */ = {isa = PBXBuildFile; fileRef = 8F02F88B1D3E852D00E3EE4A /* LaunchScreen.storyboard */; };
		8F02F8951D3E88F200E3EE4A /* MyTableVC.swift in Sources */ = {isa = PBXBuildFile; fileRef = 8F02F8941D3E88F200E3EE4A /* MyTableVC.swift */; };
/* End PBXBuildFile section */

/* Begin PBXFileReference section */
		8F02F87F1D3E852D00E3EE4A /* TableViewControllerTest.app */ = {isa = PBXFileReference; explicitFileType = wrapper.application; includeInIndex = 0; path = TableViewControllerTest.app; sourceTree = BUILT_PRODUCTS_DIR; };
		8F02F8821D3E852D00E3EE4A /* AppDelegate.swift */ = {isa = PBXFileReference; lastKnownFileType = sourcecode.swift; path = AppDelegate.swift; sourceTree = "<group>"; };
		8F02F8871D3E852D00E3EE4A /* Base */ = {isa = PBXFileReference; lastKnownFileType = file.storyboard; name = Base; path = Base.lproj/Main.storyboard; sourceTree = "<group>"; };
		8F02F8891D3E852D00E3EE4A /* Assets.xcassets */ = {isa = PBXFileReference; lastKnownFileType = folder.assetcatalog; path = Assets.xcassets; sourceTree = "<group>"; };
		8F02F88C1D3E852D00E3EE4A /* Base */ = {isa = PBXFileReference; lastKnownFileType = file.storyboard; name = Base; path = Base.lproj/LaunchScreen.storyboard; sourceTree = "<group>"; };
		8F02F88E1D3E852D00E3EE4A /* Info.plist */ = {isa = PBXFileReference; lastKnownFileType = text.plist.xml; path = Info.plist; sourceTree = "<group>"; };
		8F02F8941D3E88F200E3EE4A /* MyTableVC.swift */ = {isa = PBXFileReference; fileEncoding = 4; lastKnownFileType = sourcecode.swift; path = MyTableVC.swift; sourceTree = "<group>"; };
/* End PBXFileReference section */

/* Begin PBXFrameworksBuildPhase section */
		8F02F87C1D3E852D00E3EE4A /* Frameworks */ = {
			isa = PBXFrameworksBuildPhase;
			buildActionMask = 2147483647;
			files = (
			);
			runOnlyForDeploymentPostprocessing = 0;
		};
/* End PBXFrameworksBuildPhase section */

/* Begin PBXGroup section */
		8F02F8761D3E852D00E3EE4A = {
			isa = PBXGroup;
			children = (
				8F02F8811D3E852D00E3EE4A /* TableViewControllerTest */,
				8F02F8801D3E852D00E3EE4A /* Products */,
			);
			sourceTree = "<group>";
		};
		8F02F8801D3E852D00E3EE4A /* Products */ = {
			isa = PBXGroup;
			children = (
				8F02F87F1D3E852D00E3EE4A /* TableViewControllerTest.app */,
			);
			name = Products;
			sourceTree = "<group>";
		};
		8F02F8811D3E852D00E3EE4A /* TableViewControllerTest */ = {
			isa = PBXGroup;
			children = (
				8F02F8821D3E852D00E3EE4A /* AppDelegate.swift */,
				8F02F8861D3E852D00E3EE4A /* Main.storyboard */,
				8F02F8891D3E852D00E3EE4A /* Assets.xcassets */,
				8F02F88B1D3E852D00E3EE4A /* LaunchScreen.storyboard */,
				8F02F88E1D3E852D00E3EE4A /* Info.plist */,
				8F02F8941D3E88F200E3EE4A /* MyTableVC.swift */,
			);
			path = TableViewControllerTest;
			sourceTree = "<group>";
		};
/* End PBXGroup section */

/* Begin PBXNativeTarget section */
		8F02F87E1D3E852D00E3EE4A /* TableViewControllerTest */ = {
			isa = PBXNativeTarget;
			buildConfigurationList = 8F02F8911D3E852D00E3EE4A /* Build configuration list for PBXNativeTarget "TableViewControllerTest" */;
			buildPhases = (
				8F02F87B1D3E852D00E3EE4A /* Sources */,
				8F02F87C1D3E852D00E3EE4A /* Frameworks */,
				8F02F87D1D3E852D00E3EE4A /* Resources */,
			);
			buildRules = (
			);
			dependencies = (
			);
			name = TableViewControllerTest;
			productName = TableViewControllerTest;
			productReference = 8F02F87F1D3E852D00E3EE4A /* TableViewControllerTest.app */;
			productType = "com.apple.product-type.application";
		};
/* End PBXNativeTarget section */

/* Begin PBXProject section */
		8F02F8771D3E852D00E3EE4A /* Project object */ = {
			isa = PBXProject;
			attributes = {
				LastSwiftUpdateCheck = 0730;
				LastUpgradeCheck = 0730;
				ORGANIZATIONNAME = "Dino Musliu";
				TargetAttributes = {
					8F02F87E1D3E852D00E3EE4A = {
						CreatedOnToolsVersion = 7.3.1;
					};
				};
			};
			buildConfigurationList = 8F02F87A1D3E852D00E3EE4A /* Build configuration list for PBXProject "TableViewControllerTest" */;
			compatibilityVersion = "Xcode 3.2";
			developmentRegion = English;
			hasScannedForEncodings = 0;
			knownRegions = (
				en,
				Base,
			);
			mainGroup = 8F02F8761D3E852D00E3EE4A;
			productRefGroup = 8F02F8801D3E852D00E3EE4A /* Products */;
			projectDirPath = "";
			projectRoot = "";
			targets = (
				8F02F87E1D3E852D00E3EE4A /* TableViewControllerTest */,
			);
		};
/* End PBXProject section */

/* Begin PBXResourcesBuildPhase section */
		8F02F87D1D3E852D00E3EE4A /* Resources */ = {
			isa = PBXResourcesBuildPhase;
			buildActionMask = 2147483647;
			files = (
				8F02F88D1D3E852D00E3EE4A /* LaunchScreen.storyboard in Resources */,
				8F02F88A1D3E852D00E3EE4A /* Assets.xcassets in Resources */,
				8F02F8881D3E852D00E3EE4A /* Main.storyboard in Resources */,
			);
			runOnlyForDeploymentPostprocessing = 0;
		};
/* End PBXResourcesBuildPhase section */

/* Begin PBXSourcesBuildPhase section */
		8F02F87B1D3E852D00E3EE4A /* Sources */ = {
			isa = PBXSourcesBuildPhase;
			buildActionMask = 2147483647;
			files = (
				8F02F8831D3E852D00E3EE4A /* AppDelegate.swift in Sources */,
				8F02F8951D3E88F200E3EE4A /* MyTableVC.swift in Sources */,
			);
			runOnlyForDeploymentPostprocessing = 0;
		};
/* End PBXSourcesBuildPhase section */

/* Begin PBXVariantGroup section */
		8F02F8861D3E852D00E3EE4A /* Main.storyboard */ = {
			isa = PBXVariantGroup;
			children = (
				8F02F8871D3E852D00E3EE4A /* Base */,
			);
			name = Main.storyboard;
			sourceTree = "<group>";
		};
		8F02F88B1D3E852D00E3EE4A /* LaunchScreen.storyboard */ = {
			isa = PBXVariantGroup;
			children = (
				8F02F88C1D3E852D00E3EE4A /* Base */,
			);
			name = LaunchScreen.storyboard;
			sourceTree = "<group>";
		};
/* End PBXVariantGroup section */

/* Begin XCBuildConfiguration section */
		8F02F88F1D3E852D00E3EE4A /* Debug */ = {
			isa = XCBuildConfiguration;
			buildSettings = {
				ALWAYS_SEARCH_USER_PATHS = NO;
				CLANG_ANALYZER_NONNULL = YES;
				CLANG_CXX_LANGUAGE_STANDARD = "gnu++0x";
				CLANG_CXX_LIBRARY = "libc++";
				CLANG_ENABLE_MODULES = YES;
				CLANG_ENABLE_OBJC_ARC = YES;
				CLANG_WARN_BOOL_CONVERSION = YES;
				CLANG_WARN_CONSTANT_CONVERSION = YES;
				CLANG_WARN_DIRECT_OBJC_ISA_USAGE = YES_ERROR;
				CLANG_WARN_EMPTY_BODY = YES;
				CLANG_WARN_ENUM_CONVERSION = YES;
				CLANG_WARN_INT_CONVERSION = YES;
				CLANG_WARN_OBJC_ROOT_CLASS = YES_ERROR;
				CLANG_WARN_UNREACHABLE_CODE = YES;
				CLANG_WARN__DUPLICATE_METHOD_MATCH = YES;
				"CODE_SIGN_IDENTITY[sdk=iphoneos*]" = "iPhone Developer";
				COPY_PHASE_STRIP = NO;
				DEBUG_INFORMATION_FORMAT = dwarf;
				ENABLE_STRICT_OBJC_MSGSEND = YES;
				ENABLE_TESTABILITY = YES;
				GCC_C_LANGUAGE_STANDARD = gnu99;
				GCC_DYNAMIC_NO_PIC = NO;
				GCC_NO_COMMON_BLOCKS = YES;
				GCC_OPTIMIZATION_LEVEL = 0;
				GCC_PREPROCESSOR_DEFINITIONS = (
					"DEBUG=1",
					"$(inherited)",
				);
				GCC_WARN_64_TO_32_BIT_CONVERSION = YES;
				GCC_WARN_ABOUT_RETURN_TYPE = YES_ERROR;
				GCC_WARN_UNDECLARED_SELECTOR = YES;
				GCC_WARN_UNINITIALIZED_AUTOS = YES_AGGRESSIVE;
				GCC_WARN_UNUSED_FUNCTION = YES;
				GCC_WARN_UNUSED_VARIABLE = YES;
				IPHONEOS_DEPLOYMENT_TARGET = 9.3;
				MTL_ENABLE_DEBUG_INFO = YES;
				ONLY_ACTIVE_ARCH = YES;
				SDKROOT = iphoneos;
				SWIFT_OPTIMIZATION_LEVEL = "-Onone";
			};
			name = Debug;
		};
		8F02F8901D3E852D00E3EE4A /* Release */ = {
			isa = XCBuildConfiguration;
			buildSettings = {
				ALWAYS_SEARCH_USER_PATHS = NO;
				CLANG_ANALYZER_NONNULL = YES;
				CLANG_CXX_LANGUAGE_STANDARD = "gnu++0x";
				CLANG_CXX_LIBRARY = "libc++";
				CLANG_ENABLE_MODULES = YES;
				CLANG_ENABLE_OBJC_ARC = YES;
				CLANG_WARN_BOOL_CONVERSION = YES;
				CLANG_WARN_CONSTANT_CONVERSION = YES;
				CLANG_WARN_DIRECT_OBJC_ISA_USAGE = YES_ERROR;
				CLANG_WARN_EMPTY_BODY = YES;
				CLANG_WARN_ENUM_CONVERSION = YES;
				CLANG_WARN_INT_CONVERSION = YES;
				CLANG_WARN_OBJC_ROOT_CLASS = YES_ERROR;
				CLANG_WARN_UNREACHABLE_CODE = YES;
				CLANG_WARN__DUPLICATE_METHOD_MATCH = YES;
				"CODE_SIGN_IDENTITY[sdk=iphoneos*]" = "iPhone Developer";
				COPY_PHASE_STRIP = NO;
				DEBUG_INFORMATION_FORMAT = "dwarf-with-dsym";
				ENABLE_NS_ASSERTIONS = NO;
				ENABLE_STRICT_OBJC_MSGSEND = YES;
				GCC_C_LANGUAGE_STANDARD = gnu99;
				GCC_NO_COMMON_BLOCKS = YES;
				GCC_WARN_64_TO_32_BIT_CONVERSION = YES;
				GCC_WARN_ABOUT_RETURN_TYPE = YES_ERROR;
				GCC_WARN_UNDECLARED_SELECTOR = YES;
				GCC_WARN_UNINITIALIZED_AUTOS = YES_AGGRESSIVE;
				GCC_WARN_UNUSED_FUNCTION = YES;
				GCC_WARN_UNUSED_VARIABLE = YES;
				IPHONEOS_DEPLOYMENT_TARGET = 9.3;
				MTL_ENABLE_DEBUG_INFO = NO;
				SDKROOT = iphoneos;
				VALIDATE_PRODUCT = YES;
			};
			name = Release;
		};
		8F02F8921D3E852D00E3EE4A /* Debug */ = {
			isa = XCBuildConfiguration;
			buildSettings = {
				ASSETCATALOG_COMPILER_APPICON_NAME = AppIcon;
				INFOPLIST_FILE = TableViewControllerTest/Info.plist;
				LD_RUNPATH_SEARCH_PATHS = "$(inherited) @executable_path/Frameworks";
				PRODUCT_BUNDLE_IDENTIFIER = com.mdino.TableViewControllerTest;
				PRODUCT_NAME = "$(TARGET_NAME)";
			};
			name = Debug;
		};
		8F02F8931D3E852D00E3EE4A /* Release */ = {
			isa = XCBuildConfiguration;
			buildSettings = {
				ASSETCATALOG_COMPILER_APPICON_NAME = AppIcon;
				INFOPLIST_FILE = TableViewControllerTest/Info.plist;
				LD_RUNPATH_SEARCH_PATHS = "$(inherited) @executable_path/Frameworks";
				PRODUCT_BUNDLE_IDENTIFIER = com.mdino.TableViewControllerTest;
				PRODUCT_NAME = "$(TARGET_NAME)";
			};
			name = Release;
		};
/* End XCBuildConfiguration section */

/* Begin XCConfigurationList section */
		8F02F87A1D3E852D00E3EE4A /* Build configuration list for PBXProject "TableViewControllerTest" */ = {
			isa = XCConfigurationList;
			buildConfigurations = (
				8F02F88F1D3E852D00E3EE4A /* Debug */,
				8F02F8901D3E852D00E3EE4A /* Release */,
			);
			defaultConfigurationIsVisible = 0;
			defaultConfigurationName = Release;
		};
		8F02F8911D3E852D00E3EE4A /* Build configuration list for PBXNativeTarget "TableViewControllerTest" */ = {
			isa = XCConfigurationList;
			buildConfigurations = (
				8F02F8921D3E852D00E3EE4A /* Debug */,
				8F02F8931D3E852D00E3EE4A /* Release */,
			);
			defaultConfigurationIsVisible = 0;
		};
/* End XCConfigurationList section */
	};
	rootObject = 8F02F8771D3E852D00E3EE4A /* Project object */;
}
